// !$*UTF8*$!
{
	archiveVersion = 1;
	classes = {
	};
	objectVersion = 77;
	objects = {

/* Begin PBXContainerItemProxy section */
		CD52E14B2DF96187002C1F33 /* PBXContainerItemProxy */ = {
			isa = PBXContainerItemProxy;
			containerPortal = CD52E1352DF96184002C1F33 /* Project object */;
			proxyType = 1;
			remoteGlobalIDString = CD52E13C2DF96184002C1F33;
			remoteInfo = PinnedHeaders;
		};
		CD52E1552DF96187002C1F33 /* PBXContainerItemProxy */ = {
			isa = PBXContainerItemProxy;
			containerPortal = CD52E1352DF96184002C1F33 /* Project object */;
			proxyType = 1;
			remoteGlobalIDString = CD52E13C2DF96184002C1F33;
			remoteInfo = PinnedHeaders;
		};
/* End PBXContainerItemProxy section */

/* Begin PBXFileReference section */
		CD52E13D2DF96184002C1F33 /* PinnedHeaders.app */ = {isa = PBXFileReference; explicitFileType = wrapper.application; includeInIndex = 0; path = PinnedHeaders.app; sourceTree = BUILT_PRODUCTS_DIR; };
		CD52E14A2DF96187002C1F33 /* PinnedHeadersTests.xctest */ = {isa = PBXFileReference; explicitFileType = wrapper.cfbundle; includeInIndex = 0; path = PinnedHeadersTests.xctest; sourceTree = BUILT_PRODUCTS_DIR; };
		CD52E1542DF96187002C1F33 /* PinnedHeadersUITests.xctest */ = {isa = PBXFileReference; explicitFileType = wrapper.cfbundle; includeInIndex = 0; path = PinnedHeadersUITests.xctest; sourceTree = BUILT_PRODUCTS_DIR; };
/* End PBXFileReference section */

/* Begin PBXFileSystemSynchronizedRootGroup section */
		CD52E14D2DF96187002C1F33 /* PinnedHeadersTests */ = {
			isa = PBXFileSystemSynchronizedRootGroup;
			path = PinnedHeadersTests;
			sourceTree = "<group>";
		};
		CD52E1572DF96187002C1F33 /* PinnedHeadersUITests */ = {
			isa = PBXFileSystemSynchronizedRootGroup;
			path = PinnedHeadersUITests;
			sourceTree = "<group>";
		};
		CD52E1722DF9630E002C1F33 /* PinnedHeaders */ = {
			isa = PBXFileSystemSynchronizedRootGroup;
			path = PinnedHeaders;
			sourceTree = "<group>";
		};
/* End PBXFileSystemSynchronizedRootGroup section */

/* Begin PBXFrameworksBuildPhase section */
		CD52E13A2DF96184002C1F33 /* Frameworks */ = {
			isa = PBXFrameworksBuildPhase;
			buildActionMask = 2147483647;
			files = (
			);
			runOnlyForDeploymentPostprocessing = 0;
		};
		CD52E1472DF96187002C1F33 /* Frameworks */ = {
			isa = PBXFrameworksBuildPhase;
			buildActionMask = 2147483647;
			files = (
			);
			runOnlyForDeploymentPostprocessing = 0;
		};
		CD52E1512DF96187002C1F33 /* Frameworks */ = {
			isa = PBXFrameworksBuildPhase;
			buildActionMask = 2147483647;
			files = (
			);
			runOnlyForDeploymentPostprocessing = 0;
		};
/* End PBXFrameworksBuildPhase section */

/* Begin PBXGroup section */
		CD52E1342DF96184002C1F33 = {
			isa = PBXGroup;
			children = (
				CD52E1722DF9630E002C1F33 /* PinnedHeaders */,
				CD52E14D2DF96187002C1F33 /* PinnedHeadersTests */,
				CD52E1572DF96187002C1F33 /* PinnedHeadersUITests */,
				CD52E13E2DF96184002C1F33 /* Products */,
			);
			sourceTree = "<group>";
		};
		CD52E13E2DF96184002C1F33 /* Products */ = {
			isa = PBXGroup;
			children = (
				CD52E13D2DF96184002C1F33 /* PinnedHeaders.app */,
				CD52E14A2DF96187002C1F33 /* PinnedHeadersTests.xctest */,
				CD52E1542DF96187002C1F33 /* PinnedHeadersUITests.xctest */,
			);
			name = Products;
			sourceTree = "<group>";
		};
/* End PBXGroup section */

/* Begin PBXNativeTarget section */
		CD52E13C2DF96184002C1F33 /* PinnedHeaders */ = {
			isa = PBXNativeTarget;
			buildConfigurationList = CD52E15E2DF96187002C1F33 /* Build configuration list for PBXNativeTarget "PinnedHeaders" */;
			buildPhases = (
				CD52E1392DF96184002C1F33 /* Sources */,
				CD52E13A2DF96184002C1F33 /* Frameworks */,
				CD52E13B2DF96184002C1F33 /* Resources */,
			);
			buildRules = (
			);
			dependencies = (
			);
			fileSystemSynchronizedGroups = (
				CD52E1722DF9630E002C1F33 /* PinnedHeaders */,
			);
			name = PinnedHeaders;
			packageProductDependencies = (
			);
			productName = PinnedHeaders;
			productReference = CD52E13D2DF96184002C1F33 /* PinnedHeaders.app */;
			productType = "com.apple.product-type.application";
		};
		CD52E1492DF96187002C1F33 /* PinnedHeadersTests */ = {
			isa = PBXNativeTarget;
			buildConfigurationList = CD52E1612DF96187002C1F33 /* Build configuration list for PBXNativeTarget "PinnedHeadersTests" */;
			buildPhases = (
				CD52E1462DF96187002C1F33 /* Sources */,
				CD52E1472DF96187002C1F33 /* Frameworks */,
				CD52E1482DF96187002C1F33 /* Resources */,
			);
			buildRules = (
			);
			dependencies = (
				CD52E14C2DF96187002C1F33 /* PBXTargetDependency */,
			);
			fileSystemSynchronizedGroups = (
				CD52E14D2DF96187002C1F33 /* PinnedHeadersTests */,
			);
			name = PinnedHeadersTests;
			packageProductDependencies = (
			);
			productName = PinnedHeadersTests;
			productReference = CD52E14A2DF96187002C1F33 /* PinnedHeadersTests.xctest */;
			productType = "com.apple.product-type.bundle.unit-test";
		};
		CD52E1532DF96187002C1F33 /* PinnedHeadersUITests */ = {
			isa = PBXNativeTarget;
			buildConfigurationList = CD52E1642DF96187002C1F33 /* Build configuration list for PBXNativeTarget "PinnedHeadersUITests" */;
			buildPhases = (
				CD52E1502DF96187002C1F33 /* Sources */,
				CD52E1512DF96187002C1F33 /* Frameworks */,
				CD52E1522DF96187002C1F33 /* Resources */,
			);
			buildRules = (
			);
			dependencies = (
				CD52E1562DF96187002C1F33 /* PBXTargetDependency */,
			);
			fileSystemSynchronizedGroups = (
				CD52E1572DF96187002C1F33 /* PinnedHeadersUITests */,
			);
			name = PinnedHeadersUITests;
			packageProductDependencies = (
			);
			productName = PinnedHeadersUITests;
			productReference = CD52E1542DF96187002C1F33 /* PinnedHeadersUITests.xctest */;
			productType = "com.apple.product-type.bundle.ui-testing";
		};
/* End PBXNativeTarget section */

/* Begin PBXProject section */
		CD52E1352DF96184002C1F33 /* Project object */ = {
			isa = PBXProject;
			attributes = {
				BuildIndependentTargetsInParallel = 1;
				LastSwiftUpdateCheck = 1630;
				LastUpgradeCheck = 1630;
				TargetAttributes = {
					CD52E13C2DF96184002C1F33 = {
						CreatedOnToolsVersion = 16.3;
					};
					CD52E1492DF96187002C1F33 = {
						CreatedOnToolsVersion = 16.3;
						TestTargetID = CD52E13C2DF96184002C1F33;
					};
					CD52E1532DF96187002C1F33 = {
						CreatedOnToolsVersion = 16.3;
						TestTargetID = CD52E13C2DF96184002C1F33;
					};
				};
			};
			buildConfigurationList = CD52E1382DF96184002C1F33 /* Build configuration list for PBXProject "PinnedHeaders" */;
			developmentRegion = en;
			hasScannedForEncodings = 0;
			knownRegions = (
				en,
				Base,
			);
			mainGroup = CD52E1342DF96184002C1F33;
			minimizedProjectReferenceProxies = 1;
			preferredProjectObjectVersion = 77;
			productRefGroup = CD52E13E2DF96184002C1F33 /* Products */;
			projectDirPath = "";
			projectRoot = "";
			targets = (
				CD52E13C2DF96184002C1F33 /* PinnedHeaders */,
				CD52E1492DF96187002C1F33 /* PinnedHeadersTests */,
				CD52E1532DF96187002C1F33 /* PinnedHeadersUITests */,
			);
		};
/* End PBXProject section */

/* Begin PBXResourcesBuildPhase section */
		CD52E13B2DF96184002C1F33 /* Resources */ = {
			isa = PBXResourcesBuildPhase;
			buildActionMask = 2147483647;
			files = (
			);
			runOnlyForDeploymentPostprocessing = 0;
		};
		CD52E1482DF96187002C1F33 /* Resources */ = {
			isa = PBXResourcesBuildPhase;
			buildActionMask = 2147483647;
			files = (
			);
			runOnlyForDeploymentPostprocessing = 0;
		};
		CD52E1522DF96187002C1F33 /* Resources */ = {
			isa = PBXResourcesBuildPhase;
			buildActionMask = 2147483647;
			files = (
			);
			runOnlyForDeploymentPostprocessing = 0;
		};
/* End PBXResourcesBuildPhase section */

/* Begin PBXSourcesBuildPhase section */
		CD52E1392DF96184002C1F33 /* Sources */ = {
			isa = PBXSourcesBuildPhase;
			buildActionMask = 2147483647;
			files = (
			);
			runOnlyForDeploymentPostprocessing = 0;
		};
		CD52E1462DF96187002C1F33 /* Sources */ = {
			isa = PBXSourcesBuildPhase;
			buildActionMask = 2147483647;
			files = (
			);
			runOnlyForDeploymentPostprocessing = 0;
		};
		CD52E1502DF96187002C1F33 /* Sources */ = {
			isa = PBXSourcesBuildPhase;
			buildActionMask = 2147483647;
			files = (
			);
			runOnlyForDeploymentPostprocessing = 0;
		};
/* End PBXSourcesBuildPhase section */

/* Begin PBXTargetDependency section */
		CD52E14C2DF96187002C1F33 /* PBXTargetDependency */ = {
			isa = PBXTargetDependency;
			target = CD52E13C2DF96184002C1F33 /* PinnedHeaders */;
			targetProxy = CD52E14B2DF96187002C1F33 /* PBXContainerItemProxy */;
		};
		CD52E1562DF96187002C1F33 /* PBXTargetDependency */ = {
			isa = PBXTargetDependency;
			target = CD52E13C2DF96184002C1F33 /* PinnedHeaders */;
			targetProxy = CD52E1552DF96187002C1F33 /* PBXContainerItemProxy */;
		};
/* End PBXTargetDependency section */

/* Begin XCBuildConfiguration section */
		CD52E15C2DF96187002C1F33 /* Debug */ = {
			isa = XCBuildConfiguration;
			buildSettings = {
				ALWAYS_SEARCH_USER_PATHS = NO;
				ASSETCATALOG_COMPILER_GENERATE_SWIFT_ASSET_SYMBOL_EXTENSIONS = YES;
				CLANG_ANALYZER_NONNULL = YES;
				CLANG_ANALYZER_NUMBER_OBJECT_CONVERSION = YES_AGGRESSIVE;
				CLANG_CXX_LANGUAGE_STANDARD = "gnu++20";
				CLANG_ENABLE_MODULES = YES;
				CLANG_ENABLE_OBJC_ARC = YES;
				CLANG_ENABLE_OBJC_WEAK = YES;
				CLANG_WARN_BLOCK_CAPTURE_AUTORELEASING = YES;
				CLANG_WARN_BOOL_CONVERSION = YES;
				CLANG_WARN_COMMA = YES;
				CLANG_WARN_CONSTANT_CONVERSION = YES;
				CLANG_WARN_DEPRECATED_OBJC_IMPLEMENTATIONS = YES;
				CLANG_WARN_DIRECT_OBJC_ISA_USAGE = YES_ERROR;
				CLANG_WARN_DOCUMENTATION_COMMENTS = YES;
				CLANG_WARN_EMPTY_BODY = YES;
				CLANG_WARN_ENUM_CONVERSION = YES;
				CLANG_WARN_INFINITE_RECURSION = YES;
				CLANG_WARN_INT_CONVERSION = YES;
				CLANG_WARN_NON_LITERAL_NULL_CONVERSION = YES;
				CLANG_WARN_OBJC_IMPLICIT_RETAIN_SELF = YES;
				CLANG_WARN_OBJC_LITERAL_CONVERSION = YES;
				CLANG_WARN_OBJC_ROOT_CLASS = YES_ERROR;
				CLANG_WARN_QUOTED_INCLUDE_IN_FRAMEWORK_HEADER = YES;
				CLANG_WARN_RANGE_LOOP_ANALYSIS = YES;
				CLANG_WARN_STRICT_PROTOTYPES = YES;
				CLANG_WARN_SUSPICIOUS_MOVE = YES;
				CLANG_WARN_UNGUARDED_AVAILABILITY = YES_AGGRESSIVE;
				CLANG_WARN_UNREACHABLE_CODE = YES;
				CLANG_WARN__DUPLICATE_METHOD_MATCH = YES;
				COPY_PHASE_STRIP = NO;
				DEBUG_INFORMATION_FORMAT = dwarf;
				ENABLE_STRICT_OBJC_MSGSEND = YES;
				ENABLE_TESTABILITY = YES;
				ENABLE_USER_SCRIPT_SANDBOXING = YES;
				GCC_C_LANGUAGE_STANDARD = gnu17;
				GCC_DYNAMIC_NO_PIC = NO;
				GCC_NO_COMMON_BLOCKS = YES;
				GCC_OPTIMIZATION_LEVEL = 0;
				GCC_PREPROCESSOR_DEFINITIONS = (
					"DEBUG=1",
					"$(inherited)",
				);
				GCC_WARN_64_TO_32_BIT_CONVERSION = YES;
				GCC_WARN_ABOUT_RETURN_TYPE = YES_ERROR;
				GCC_WARN_UNDECLARED_SELECTOR = YES;
				GCC_WARN_UNINITIALIZED_AUTOS = YES_AGGRESSIVE;
				GCC_WARN_UNUSED_FUNCTION = YES;
				GCC_WARN_UNUSED_VARIABLE = YES;
				IPHONEOS_DEPLOYMENT_TARGET = 18.4;
				LOCALIZATION_PREFERS_STRING_CATALOGS = YES;
				MTL_ENABLE_DEBUG_INFO = INCLUDE_SOURCE;
				MTL_FAST_MATH = YES;
				ONLY_ACTIVE_ARCH = YES;
				SDKROOT = iphoneos;
				SWIFT_ACTIVE_COMPILATION_CONDITIONS = "DEBUG $(inherited)";
				SWIFT_OPTIMIZATION_LEVEL = "-Onone";
			};
			name = Debug;
		};
		CD52E15D2DF96187002C1F33 /* Release */ = {
			isa = XCBuildConfiguration;
			buildSettings = {
				ALWAYS_SEARCH_USER_PATHS = NO;
				ASSETCATALOG_COMPILER_GENERATE_SWIFT_ASSET_SYMBOL_EXTENSIONS = YES;
				CLANG_ANALYZER_NONNULL = YES;
				CLANG_ANALYZER_NUMBER_OBJECT_CONVERSION = YES_AGGRESSIVE;
				CLANG_CXX_LANGUAGE_STANDARD = "gnu++20";
				CLANG_ENABLE_MODULES = YES;
				CLANG_ENABLE_OBJC_ARC = YES;
				CLANG_ENABLE_OBJC_WEAK = YES;
				CLANG_WARN_BLOCK_CAPTURE_AUTORELEASING = YES;
				CLANG_WARN_BOOL_CONVERSION = YES;
				CLANG_WARN_COMMA = YES;
				CLANG_WARN_CONSTANT_CONVERSION = YES;
				CLANG_WARN_DEPRECATED_OBJC_IMPLEMENTATIONS = YES;
				CLANG_WARN_DIRECT_OBJC_ISA_USAGE = YES_ERROR;
				CLANG_WARN_DOCUMENTATION_COMMENTS = YES;
				CLANG_WARN_EMPTY_BODY = YES;
				CLANG_WARN_ENUM_CONVERSION = YES;
				CLANG_WARN_INFINITE_RECURSION = YES;
				CLANG_WARN_INT_CONVERSION = YES;
				CLANG_WARN_NON_LITERAL_NULL_CONVERSION = YES;
				CLANG_WARN_OBJC_IMPLICIT_RETAIN_SELF = YES;
				CLANG_WARN_OBJC_LITERAL_CONVERSION = YES;
				CLANG_WARN_OBJC_ROOT_CLASS = YES_ERROR;
				CLANG_WARN_QUOTED_INCLUDE_IN_FRAMEWORK_HEADER = YES;
				CLANG_WARN_RANGE_LOOP_ANALYSIS = YES;
				CLANG_WARN_STRICT_PROTOTYPES = YES;
				CLANG_WARN_SUSPICIOUS_MOVE = YES;
				CLANG_WARN_UNGUARDED_AVAILABILITY = YES_AGGRESSIVE;
				CLANG_WARN_UNREACHABLE_CODE = YES;
				CLANG_WARN__DUPLICATE_METHOD_MATCH = YES;
				COPY_PHASE_STRIP = NO;
				DEBUG_INFORMATION_FORMAT = "dwarf-with-dsym";
				ENABLE_NS_ASSERTIONS = NO;
				ENABLE_STRICT_OBJC_MSGSEND = YES;
				ENABLE_USER_SCRIPT_SANDBOXING = YES;
				GCC_C_LANGUAGE_STANDARD = gnu17;
				GCC_NO_COMMON_BLOCKS = YES;
				GCC_WARN_64_TO_32_BIT_CONVERSION = YES;
				GCC_WARN_ABOUT_RETURN_TYPE = YES_ERROR;
				GCC_WARN_UNDECLARED_SELECTOR = YES;
				GCC_WARN_UNINITIALIZED_AUTOS = YES_AGGRESSIVE;
				GCC_WARN_UNUSED_FUNCTION = YES;
				GCC_WARN_UNUSED_VARIABLE = YES;
				IPHONEOS_DEPLOYMENT_TARGET = 18.4;
				LOCALIZATION_PREFERS_STRING_CATALOGS = YES;
				MTL_ENABLE_DEBUG_INFO = NO;
				MTL_FAST_MATH = YES;
				SDKROOT = iphoneos;
				SWIFT_COMPILATION_MODE = wholemodule;
				VALIDATE_PRODUCT = YES;
			};
			name = Release;
		};
		CD52E15F2DF96187002C1F33 /* Debug */ = {
			isa = XCBuildConfiguration;
			buildSettings = {
				ASSETCATALOG_COMPILER_APPICON_NAME = AppIcon;
				ASSETCATALOG_COMPILER_GLOBAL_ACCENT_COLOR_NAME = AccentColor;
				CODE_SIGN_STYLE = Automatic;
				CURRENT_PROJECT_VERSION = 1;
				ENABLE_PREVIEWS = YES;
				GENERATE_INFOPLIST_FILE = YES;
				INFOPLIST_KEY_UIApplicationSceneManifest_Generation = YES;
				INFOPLIST_KEY_UIApplicationSupportsIndirectInputEvents = YES;
				INFOPLIST_KEY_UILaunchScreen_Generation = YES;
				INFOPLIST_KEY_UISupportedInterfaceOrientations_iPad = "UIInterfaceOrientationPortrait UIInterfaceOrientationPortraitUpsideDown UIInterfaceOrientationLandscapeLeft UIInterfaceOrientationLandscapeRight";
				INFOPLIST_KEY_UISupportedInterfaceOrientations_iPhone = "UIInterfaceOrientationPortrait UIInterfaceOrientationLandscapeLeft UIInterfaceOrientationLandscapeRight";
				LD_RUNPATH_SEARCH_PATHS = (
					"$(inherited)",
					"@executable_path/Frameworks",
				);
				MARKETING_VERSION = 1.0;
				PRODUCT_BUNDLE_IDENTIFIER = com.PinnedHeaders;
				PRODUCT_NAME = "$(TARGET_NAME)";
				SWIFT_EMIT_LOC_STRINGS = YES;
				SWIFT_VERSION = 5.0;
				TARGETED_DEVICE_FAMILY = "1,2";
			};
			name = Debug;
		};
		CD52E1602DF96187002C1F33 /* Release */ = {
			isa = XCBuildConfiguration;
			buildSettings = {
				ASSETCATALOG_COMPILER_APPICON_NAME = AppIcon;
				ASSETCATALOG_COMPILER_GLOBAL_ACCENT_COLOR_NAME = AccentColor;
				CODE_SIGN_STYLE = Automatic;
				CURRENT_PROJECT_VERSION = 1;
				ENABLE_PREVIEWS = YES;
				GENERATE_INFOPLIST_FILE = YES;
				INFOPLIST_KEY_UIApplicationSceneManifest_Generation = YES;
				INFOPLIST_KEY_UIApplicationSupportsIndirectInputEvents = YES;
				INFOPLIST_KEY_UILaunchScreen_Generation = YES;
				INFOPLIST_KEY_UISupportedInterfaceOrientations_iPad = "UIInterfaceOrientationPortrait UIInterfaceOrientationPortraitUpsideDown UIInterfaceOrientationLandscapeLeft UIInterfaceOrientationLandscapeRight";
				INFOPLIST_KEY_UISupportedInterfaceOrientations_iPhone = "UIInterfaceOrientationPortrait UIInterfaceOrientationLandscapeLeft UIInterfaceOrientationLandscapeRight";
				LD_RUNPATH_SEARCH_PATHS = (
					"$(inherited)",
					"@executable_path/Frameworks",
				);
				MARKETING_VERSION = 1.0;
				PRODUCT_BUNDLE_IDENTIFIER = com.PinnedHeaders;
				PRODUCT_NAME = "$(TARGET_NAME)";
				SWIFT_EMIT_LOC_STRINGS = YES;
				SWIFT_VERSION = 5.0;
				TARGETED_DEVICE_FAMILY = "1,2";
			};
			name = Release;
		};
		CD52E1622DF96187002C1F33 /* Debug */ = {
			isa = XCBuildConfiguration;
			buildSettings = {
				BUNDLE_LOADER = "$(TEST_HOST)";
				CODE_SIGN_STYLE = Automatic;
				CURRENT_PROJECT_VERSION = 1;
				GENERATE_INFOPLIST_FILE = YES;
				IPHONEOS_DEPLOYMENT_TARGET = 18.4;
				MARKETING_VERSION = 1.0;
				PRODUCT_BUNDLE_IDENTIFIER = com.PinnedHeadersTests;
				PRODUCT_NAME = "$(TARGET_NAME)";
				SWIFT_EMIT_LOC_STRINGS = NO;
				SWIFT_VERSION = 5.0;
				TARGETED_DEVICE_FAMILY = "1,2";
				TEST_HOST = "$(BUILT_PRODUCTS_DIR)/PinnedHeaders.app/$(BUNDLE_EXECUTABLE_FOLDER_PATH)/PinnedHeaders";
			};
			name = Debug;
		};
		CD52E1632DF96187002C1F33 /* Release */ = {
			isa = XCBuildConfiguration;
			buildSettings = {
				BUNDLE_LOADER = "$(TEST_HOST)";
				CODE_SIGN_STYLE = Automatic;
				CURRENT_PROJECT_VERSION = 1;
				GENERATE_INFOPLIST_FILE = YES;
				IPHONEOS_DEPLOYMENT_TARGET = 18.4;
				MARKETING_VERSION = 1.0;
				PRODUCT_BUNDLE_IDENTIFIER = com.PinnedHeadersTests;
				PRODUCT_NAME = "$(TARGET_NAME)";
				SWIFT_EMIT_LOC_STRINGS = NO;
				SWIFT_VERSION = 5.0;
				TARGETED_DEVICE_FAMILY = "1,2";
				TEST_HOST = "$(BUILT_PRODUCTS_DIR)/PinnedHeaders.app/$(BUNDLE_EXECUTABLE_FOLDER_PATH)/PinnedHeaders";
			};
			name = Release;
		};
		CD52E1652DF96187002C1F33 /* Debug */ = {
			isa = XCBuildConfiguration;
			buildSettings = {
				CODE_SIGN_STYLE = Automatic;
				CURRENT_PROJECT_VERSION = 1;
				GENERATE_INFOPLIST_FILE = YES;
				MARKETING_VERSION = 1.0;
				PRODUCT_BUNDLE_IDENTIFIER = com.PinnedHeadersUITests;
				PRODUCT_NAME = "$(TARGET_NAME)";
				SWIFT_EMIT_LOC_STRINGS = NO;
				SWIFT_VERSION = 5.0;
				TARGETED_DEVICE_FAMILY = "1,2";
				TEST_TARGET_NAME = PinnedHeaders;
			};
			name = Debug;
		};
		CD52E1662DF96187002C1F33 /* Release */ = {
			isa = XCBuildConfiguration;
			buildSettings = {
				CODE_SIGN_STYLE = Automatic;
				CURRENT_PROJECT_VERSION = 1;
				GENERATE_INFOPLIST_FILE = YES;
				MARKETING_VERSION = 1.0;
				PRODUCT_BUNDLE_IDENTIFIER = com.PinnedHeadersUITests;
				PRODUCT_NAME = "$(TARGET_NAME)";
				SWIFT_EMIT_LOC_STRINGS = NO;
				SWIFT_VERSION = 5.0;
				TARGETED_DEVICE_FAMILY = "1,2";
				TEST_TARGET_NAME = PinnedHeaders;
			};
			name = Release;
		};
/* End XCBuildConfiguration section */

/* Begin XCConfigurationList section */
		CD52E1382DF96184002C1F33 /* Build configuration list for PBXProject "PinnedHeaders" */ = {
			isa = XCConfigurationList;
			buildConfigurations = (
				CD52E15C2DF96187002C1F33 /* Debug */,
				CD52E15D2DF96187002C1F33 /* Release */,
			);
			defaultConfigurationIsVisible = 0;
			defaultConfigurationName = Release;
		};
		CD52E15E2DF96187002C1F33 /* Build configuration list for PBXNativeTarget "PinnedHeaders" */ = {
			isa = XCConfigurationList;
			buildConfigurations = (
				CD52E15F2DF96187002C1F33 /* Debug */,
				CD52E1602DF96187002C1F33 /* Release */,
			);
			defaultConfigurationIsVisible = 0;
			defaultConfigurationName = Release;
		};
		CD52E1612DF96187002C1F33 /* Build configuration list for PBXNativeTarget "PinnedHeadersTests" */ = {
			isa = XCConfigurationList;
			buildConfigurations = (
				CD52E1622DF96187002C1F33 /* Debug */,
				CD52E1632DF96187002C1F33 /* Release */,
			);
			defaultConfigurationIsVisible = 0;
			defaultConfigurationName = Release;
		};
		CD52E1642DF96187002C1F33 /* Build configuration list for PBXNativeTarget "PinnedHeadersUITests" */ = {
			isa = XCConfigurationList;
			buildConfigurations = (
				CD52E1652DF96187002C1F33 /* Debug */,
				CD52E1662DF96187002C1F33 /* Release */,
			);
			defaultConfigurationIsVisible = 0;
			defaultConfigurationName = Release;
		};
/* End XCConfigurationList section */
	};
	rootObject = CD52E1352DF96184002C1F33 /* Project object */;
}
